// !$*UTF8*$!
{
	archiveVersion = 1;
	classes = {
	};
	objectVersion = 48;
	objects = {

/* Begin PBXBuildFile section */
		4A29DB4A200757F00008EB3E /* CategoryPickerViewController.swift in Sources */ = {isa = PBXBuildFile; fileRef = 4A29DB49200757F00008EB3E /* CategoryPickerViewController.swift */; };
		4A309A8720055A9E00091AA5 /* LocationsDetailsViewController.swift in Sources */ = {isa = PBXBuildFile; fileRef = 4A309A8620055A9E00091AA5 /* LocationsDetailsViewController.swift */; };
		4A31114D2009209B0049C27C /* Functions.swift in Sources */ = {isa = PBXBuildFile; fileRef = 4A31114C2009209B0049C27C /* Functions.swift */; };
		4A9FECBA1FFCD9C8003081A5 /* AppDelegate.swift in Sources */ = {isa = PBXBuildFile; fileRef = 4A9FECB91FFCD9C8003081A5 /* AppDelegate.swift */; };
		4A9FECBC1FFCD9C8003081A5 /* CurrentLocationViewController.swift in Sources */ = {isa = PBXBuildFile; fileRef = 4A9FECBB1FFCD9C8003081A5 /* CurrentLocationViewController.swift */; };
		4A9FECBE1FFCD9C8003081A5 /* SecondViewController.swift in Sources */ = {isa = PBXBuildFile; fileRef = 4A9FECBD1FFCD9C8003081A5 /* SecondViewController.swift */; };
		4A9FECC11FFCD9C8003081A5 /* Main.storyboard in Resources */ = {isa = PBXBuildFile; fileRef = 4A9FECBF1FFCD9C8003081A5 /* Main.storyboard */; };
		4A9FECC31FFCD9C8003081A5 /* Assets.xcassets in Resources */ = {isa = PBXBuildFile; fileRef = 4A9FECC21FFCD9C8003081A5 /* Assets.xcassets */; };
		4A9FECC61FFCD9C8003081A5 /* LaunchScreen.storyboard in Resources */ = {isa = PBXBuildFile; fileRef = 4A9FECC41FFCD9C8003081A5 /* LaunchScreen.storyboard */; };
		4AFC0C4D20089FAA00002D37 /* HudView.swift in Sources */ = {isa = PBXBuildFile; fileRef = 4AFC0C4C20089FAA00002D37 /* HudView.swift */; };
/* End PBXBuildFile section */

/* Begin PBXFileReference section */
		4A29DB49200757F00008EB3E /* CategoryPickerViewController.swift */ = {isa = PBXFileReference; lastKnownFileType = sourcecode.swift; path = CategoryPickerViewController.swift; sourceTree = "<group>"; };
		4A309A8620055A9E00091AA5 /* LocationsDetailsViewController.swift */ = {isa = PBXFileReference; lastKnownFileType = sourcecode.swift; path = LocationsDetailsViewController.swift; sourceTree = "<group>"; };
		4A31114C2009209B0049C27C /* Functions.swift */ = {isa = PBXFileReference; lastKnownFileType = sourcecode.swift; path = Functions.swift; sourceTree = "<group>"; };
		4A9FECB61FFCD9C8003081A5 /* MyLocations.app */ = {isa = PBXFileReference; explicitFileType = wrapper.application; includeInIndex = 0; path = MyLocations.app; sourceTree = BUILT_PRODUCTS_DIR; };
		4A9FECB91FFCD9C8003081A5 /* AppDelegate.swift */ = {isa = PBXFileReference; lastKnownFileType = sourcecode.swift; path = AppDelegate.swift; sourceTree = "<group>"; };
		4A9FECBB1FFCD9C8003081A5 /* CurrentLocationViewController.swift */ = {isa = PBXFileReference; lastKnownFileType = sourcecode.swift; path = CurrentLocationViewController.swift; sourceTree = "<group>"; };
		4A9FECBD1FFCD9C8003081A5 /* SecondViewController.swift */ = {isa = PBXFileReference; lastKnownFileType = sourcecode.swift; path = SecondViewController.swift; sourceTree = "<group>"; };
		4A9FECC01FFCD9C8003081A5 /* Base */ = {isa = PBXFileReference; lastKnownFileType = file.storyboard; name = Base; path = Base.lproj/Main.storyboard; sourceTree = "<group>"; };
		4A9FECC21FFCD9C8003081A5 /* Assets.xcassets */ = {isa = PBXFileReference; lastKnownFileType = folder.assetcatalog; path = Assets.xcassets; sourceTree = "<group>"; };
		4A9FECC51FFCD9C8003081A5 /* Base */ = {isa = PBXFileReference; lastKnownFileType = file.storyboard; name = Base; path = Base.lproj/LaunchScreen.storyboard; sourceTree = "<group>"; };
		4A9FECC71FFCD9C8003081A5 /* Info.plist */ = {isa = PBXFileReference; lastKnownFileType = text.plist.xml; path = Info.plist; sourceTree = "<group>"; };
		4AFC0C4C20089FAA00002D37 /* HudView.swift */ = {isa = PBXFileReference; lastKnownFileType = sourcecode.swift; path = HudView.swift; sourceTree = "<group>"; };
/* End PBXFileReference section */

/* Begin PBXFrameworksBuildPhase section */
		4A9FECB31FFCD9C8003081A5 /* Frameworks */ = {
			isa = PBXFrameworksBuildPhase;
			buildActionMask = 2147483647;
			files = (
			);
			runOnlyForDeploymentPostprocessing = 0;
		};
/* End PBXFrameworksBuildPhase section */

/* Begin PBXGroup section */
		4A9FECAD1FFCD9C8003081A5 = {
			isa = PBXGroup;
			children = (
				4A9FECB81FFCD9C8003081A5 /* MyLocations */,
				4A9FECB71FFCD9C8003081A5 /* Products */,
			);
			sourceTree = "<group>";
		};
		4A9FECB71FFCD9C8003081A5 /* Products */ = {
			isa = PBXGroup;
			children = (
				4A9FECB61FFCD9C8003081A5 /* MyLocations.app */,
			);
			name = Products;
			sourceTree = "<group>";
		};
		4A9FECB81FFCD9C8003081A5 /* MyLocations */ = {
			isa = PBXGroup;
			children = (
				4A9FECB91FFCD9C8003081A5 /* AppDelegate.swift */,
				4A9FECBB1FFCD9C8003081A5 /* CurrentLocationViewController.swift */,
				4A9FECBD1FFCD9C8003081A5 /* SecondViewController.swift */,
				4A9FECBF1FFCD9C8003081A5 /* Main.storyboard */,
				4A309A8620055A9E00091AA5 /* LocationsDetailsViewController.swift */,
				4AFC0C4C20089FAA00002D37 /* HudView.swift */,
				4A31114C2009209B0049C27C /* Functions.swift */,
				4A29DB49200757F00008EB3E /* CategoryPickerViewController.swift */,
				4A9FECC21FFCD9C8003081A5 /* Assets.xcassets */,
				4A9FECC41FFCD9C8003081A5 /* LaunchScreen.storyboard */,
				4A9FECC71FFCD9C8003081A5 /* Info.plist */,
			);
			path = MyLocations;
			sourceTree = "<group>";
		};
/* End PBXGroup section */

/* Begin PBXNativeTarget section */
		4A9FECB51FFCD9C8003081A5 /* MyLocations */ = {
			isa = PBXNativeTarget;
			buildConfigurationList = 4A9FECCA1FFCD9C8003081A5 /* Build configuration list for PBXNativeTarget "MyLocations" */;
			buildPhases = (
				4A9FECB21FFCD9C8003081A5 /* Sources */,
				4A9FECB31FFCD9C8003081A5 /* Frameworks */,
				4A9FECB41FFCD9C8003081A5 /* Resources */,
			);
			buildRules = (
			);
			dependencies = (
			);
			name = MyLocations;
			productName = MyLocations;
			productReference = 4A9FECB61FFCD9C8003081A5 /* MyLocations.app */;
			productType = "com.apple.product-type.application";
		};
/* End PBXNativeTarget section */

/* Begin PBXProject section */
		4A9FECAE1FFCD9C8003081A5 /* Project object */ = {
			isa = PBXProject;
			attributes = {
				LastSwiftUpdateCheck = 0920;
				LastUpgradeCheck = 0920;
				ORGANIZATIONNAME = "Tom Murray";
				TargetAttributes = {
					4A9FECB51FFCD9C8003081A5 = {
						CreatedOnToolsVersion = 9.2;
						ProvisioningStyle = Automatic;
					};
				};
			};
			buildConfigurationList = 4A9FECB11FFCD9C8003081A5 /* Build configuration list for PBXProject "MyLocations" */;
			compatibilityVersion = "Xcode 8.0";
			developmentRegion = en;
			hasScannedForEncodings = 0;
			knownRegions = (
				en,
				Base,
			);
			mainGroup = 4A9FECAD1FFCD9C8003081A5;
			productRefGroup = 4A9FECB71FFCD9C8003081A5 /* Products */;
			projectDirPath = "";
			projectRoot = "";
			targets = (
				4A9FECB51FFCD9C8003081A5 /* MyLocations */,
			);
		};
/* End PBXProject section */

/* Begin PBXResourcesBuildPhase section */
		4A9FECB41FFCD9C8003081A5 /* Resources */ = {
			isa = PBXResourcesBuildPhase;
			buildActionMask = 2147483647;
			files = (
				4A9FECC61FFCD9C8003081A5 /* LaunchScreen.storyboard in Resources */,
				4A9FECC31FFCD9C8003081A5 /* Assets.xcassets in Resources */,
				4A9FECC11FFCD9C8003081A5 /* Main.storyboard in Resources */,
			);
			runOnlyForDeploymentPostprocessing = 0;
		};
/* End PBXResourcesBuildPhase section */

/* Begin PBXSourcesBuildPhase section */
		4A9FECB21FFCD9C8003081A5 /* Sources */ = {
			isa = PBXSourcesBuildPhase;
			buildActionMask = 2147483647;
			files = (
				4A309A8720055A9E00091AA5 /* LocationsDetailsViewController.swift in Sources */,
				4A9FECBE1FFCD9C8003081A5 /* SecondViewController.swift in Sources */,
				4AFC0C4D20089FAA00002D37 /* HudView.swift in Sources */,
				4A31114D2009209B0049C27C /* Functions.swift in Sources */,
				4A9FECBA1FFCD9C8003081A5 /* AppDelegate.swift in Sources */,
				4A29DB4A200757F00008EB3E /* CategoryPickerViewController.swift in Sources */,
				4A9FECBC1FFCD9C8003081A5 /* CurrentLocationViewController.swift in Sources */,
			);
			runOnlyForDeploymentPostprocessing = 0;
		};
/* End PBXSourcesBuildPhase section */

/* Begin PBXVariantGroup section */
		4A9FECBF1FFCD9C8003081A5 /* Main.storyboard */ = {
			isa = PBXVariantGroup;
			children = (
				4A9FECC01FFCD9C8003081A5 /* Base */,
			);
			name = Main.storyboard;
			sourceTree = "<group>";
		};
		4A9FECC41FFCD9C8003081A5 /* LaunchScreen.storyboard */ = {
			isa = PBXVariantGroup;
			children = (
				4A9FECC51FFCD9C8003081A5 /* Base */,
			);
			name = LaunchScreen.storyboard;
			sourceTree = "<group>";
		};
/* End PBXVariantGroup section */

/* Begin XCBuildConfiguration section */
		4A9FECC81FFCD9C8003081A5 /* Debug */ = {
			isa = XCBuildConfiguration;
			buildSettings = {
				ALWAYS_SEARCH_USER_PATHS = NO;
				CLANG_ANALYZER_NONNULL = YES;
				CLANG_ANALYZER_NUMBER_OBJECT_CONVERSION = YES_AGGRESSIVE;
				CLANG_CXX_LANGUAGE_STANDARD = "gnu++14";
				CLANG_CXX_LIBRARY = "libc++";
				CLANG_ENABLE_MODULES = YES;
				CLANG_ENABLE_OBJC_ARC = YES;
				CLANG_WARN_BLOCK_CAPTURE_AUTORELEASING = YES;
				CLANG_WARN_BOOL_CONVERSION = YES;
				CLANG_WARN_COMMA = YES;
				CLANG_WARN_CONSTANT_CONVERSION = YES;
				CLANG_WARN_DIRECT_OBJC_ISA_USAGE = YES_ERROR;
				CLANG_WARN_DOCUMENTATION_COMMENTS = YES;
				CLANG_WARN_EMPTY_BODY = YES;
				CLANG_WARN_ENUM_CONVERSION = YES;
				CLANG_WARN_INFINITE_RECURSION = YES;
				CLANG_WARN_INT_CONVERSION = YES;
				CLANG_WARN_NON_LITERAL_NULL_CONVERSION = YES;
				CLANG_WARN_OBJC_LITERAL_CONVERSION = YES;
				CLANG_WARN_OBJC_ROOT_CLASS = YES_ERROR;
				CLANG_WARN_RANGE_LOOP_ANALYSIS = YES;
				CLANG_WARN_STRICT_PROTOTYPES = YES;
				CLANG_WARN_SUSPICIOUS_MOVE = YES;
				CLANG_WARN_UNGUARDED_AVAILABILITY = YES_AGGRESSIVE;
				CLANG_WARN_UNREACHABLE_CODE = YES;
				CLANG_WARN__DUPLICATE_METHOD_MATCH = YES;
				CODE_SIGN_IDENTITY = "iPhone Developer";
				COPY_PHASE_STRIP = NO;
				DEBUG_INFORMATION_FORMAT = dwarf;
				ENABLE_STRICT_OBJC_MSGSEND = YES;
				ENABLE_TESTABILITY = YES;
				GCC_C_LANGUAGE_STANDARD = gnu11;
				GCC_DYNAMIC_NO_PIC = NO;
				GCC_NO_COMMON_BLOCKS = YES;
				GCC_OPTIMIZATION_LEVEL = 0;
				GCC_PREPROCESSOR_DEFINITIONS = (
					"DEBUG=1",
					"$(inherited)",
				);
				GCC_WARN_64_TO_32_BIT_CONVERSION = YES;
				GCC_WARN_ABOUT_RETURN_TYPE = YES_ERROR;
				GCC_WARN_UNDECLARED_SELECTOR = YES;
				GCC_WARN_UNINITIALIZED_AUTOS = YES_AGGRESSIVE;
				GCC_WARN_UNUSED_FUNCTION = YES;
				GCC_WARN_UNUSED_VARIABLE = YES;
				IPHONEOS_DEPLOYMENT_TARGET = 11.2;
				MTL_ENABLE_DEBUG_INFO = YES;
				ONLY_ACTIVE_ARCH = YES;
				SDKROOT = iphoneos;
				SWIFT_ACTIVE_COMPILATION_CONDITIONS = DEBUG;
				SWIFT_OPTIMIZATION_LEVEL = "-Onone";
			};
			name = Debug;
		};
		4A9FECC91FFCD9C8003081A5 /* Release */ = {
			isa = XCBuildConfiguration;
			buildSettings = {
				ALWAYS_SEARCH_USER_PATHS = NO;
				CLANG_ANALYZER_NONNULL = YES;
				CLANG_ANALYZER_NUMBER_OBJECT_CONVERSION = YES_AGGRESSIVE;
				CLANG_CXX_LANGUAGE_STANDARD = "gnu++14";
				CLANG_CXX_LIBRARY = "libc++";
				CLANG_ENABLE_MODULES = YES;
				CLANG_ENABLE_OBJC_ARC = YES;
				CLANG_WARN_BLOCK_CAPTURE_AUTORELEASING = YES;
				CLANG_WARN_BOOL_CONVERSION = YES;
				CLANG_WARN_COMMA = YES;
				CLANG_WARN_CONSTANT_CONVERSION = YES;
				CLANG_WARN_DIRECT_OBJC_ISA_USAGE = YES_ERROR;
				CLANG_WARN_DOCUMENTATION_COMMENTS = YES;
				CLANG_WARN_EMPTY_BODY = YES;
				CLANG_WARN_ENUM_CONVERSION = YES;
				CLANG_WARN_INFINITE_RECURSION = YES;
				CLANG_WARN_INT_CONVERSION = YES;
				CLANG_WARN_NON_LITERAL_NULL_CONVERSION = YES;
				CLANG_WARN_OBJC_LITERAL_CONVERSION = YES;
				CLANG_WARN_OBJC_ROOT_CLASS = YES_ERROR;
				CLANG_WARN_RANGE_LOOP_ANALYSIS = YES;
				CLANG_WARN_STRICT_PROTOTYPES = YES;
				CLANG_WARN_SUSPICIOUS_MOVE = YES;
				CLANG_WARN_UNGUARDED_AVAILABILITY = YES_AGGRESSIVE;
				CLANG_WARN_UNREACHABLE_CODE = YES;
				CLANG_WARN__DUPLICATE_METHOD_MATCH = YES;
				CODE_SIGN_IDENTITY = "iPhone Developer";
				COPY_PHASE_STRIP = NO;
				DEBUG_INFORMATION_FORMAT = "dwarf-with-dsym";
				ENABLE_NS_ASSERTIONS = NO;
				ENABLE_STRICT_OBJC_MSGSEND = YES;
				GCC_C_LANGUAGE_STANDARD = gnu11;
				GCC_NO_COMMON_BLOCKS = YES;
				GCC_WARN_64_TO_32_BIT_CONVERSION = YES;
				GCC_WARN_ABOUT_RETURN_TYPE = YES_ERROR;
				GCC_WARN_UNDECLARED_SELECTOR = YES;
				GCC_WARN_UNINITIALIZED_AUTOS = YES_AGGRESSIVE;
				GCC_WARN_UNUSED_FUNCTION = YES;
				GCC_WARN_UNUSED_VARIABLE = YES;
				IPHONEOS_DEPLOYMENT_TARGET = 11.2;
				MTL_ENABLE_DEBUG_INFO = NO;
				SDKROOT = iphoneos;
				SWIFT_OPTIMIZATION_LEVEL = "-Owholemodule";
				VALIDATE_PRODUCT = YES;
			};
			name = Release;
		};
		4A9FECCB1FFCD9C8003081A5 /* Debug */ = {
			isa = XCBuildConfiguration;
			buildSettings = {
				ASSETCATALOG_COMPILER_APPICON_NAME = AppIcon;
				CODE_SIGN_STYLE = Automatic;
				DEVELOPMENT_TEAM = 2392YT52CQ;
				INFOPLIST_FILE = MyLocations/Info.plist;
				LD_RUNPATH_SEARCH_PATHS = "$(inherited) @executable_path/Frameworks";
				PRODUCT_BUNDLE_IDENTIFIER = tommurray.MyLocations;
				PRODUCT_NAME = "$(TARGET_NAME)";
				SWIFT_VERSION = 4.0;
				TARGETED_DEVICE_FAMILY = "1,2";
			};
			name = Debug;
		};
		4A9FECCC1FFCD9C8003081A5 /* Release */ = {
			isa = XCBuildConfiguration;
			buildSettings = {
				ASSETCATALOG_COMPILER_APPICON_NAME = AppIcon;
				CODE_SIGN_STYLE = Automatic;
				DEVELOPMENT_TEAM = 2392YT52CQ;
				INFOPLIST_FILE = MyLocations/Info.plist;
				LD_RUNPATH_SEARCH_PATHS = "$(inherited) @executable_path/Frameworks";
				PRODUCT_BUNDLE_IDENTIFIER = tommurray.MyLocations;
				PRODUCT_NAME = "$(TARGET_NAME)";
				SWIFT_VERSION = 4.0;
				TARGETED_DEVICE_FAMILY = "1,2";
			};
			name = Release;
		};
/* End XCBuildConfiguration section */

/* Begin XCConfigurationList section */
		4A9FECB11FFCD9C8003081A5 /* Build configuration list for PBXProject "MyLocations" */ = {
			isa = XCConfigurationList;
			buildConfigurations = (
				4A9FECC81FFCD9C8003081A5 /* Debug */,
				4A9FECC91FFCD9C8003081A5 /* Release */,
			);
			defaultConfigurationIsVisible = 0;
			defaultConfigurationName = Release;
		};
		4A9FECCA1FFCD9C8003081A5 /* Build configuration list for PBXNativeTarget "MyLocations" */ = {
			isa = XCConfigurationList;
			buildConfigurations = (
				4A9FECCB1FFCD9C8003081A5 /* Debug */,
				4A9FECCC1FFCD9C8003081A5 /* Release */,
			);
			defaultConfigurationIsVisible = 0;
			defaultConfigurationName = Release;
		};
/* End XCConfigurationList section */
	};
	rootObject = 4A9FECAE1FFCD9C8003081A5 /* Project object */;
}
